
Microsoft Visual Studio Solution File, Format Version 12.00
# Visual Studio Version 17
VisualStudioVersion = 17.4.33213.308
MinimumVisualStudioVersion = 10.0.40219.1
Project("{9A19103F-16F7-4668-BE54-9A1E7A4F7556}") = "Store_Prep", "Store_Prep\Store_Prep.csproj", "{7B5CAD48-CBAC-4770-A8E3-9BC7A60D33A3}"
EndProject
Project("{54435603-DBB4-11D2-8724-00A0C9A8B90C}") = "PrepApp", "PrepApp\PrepApp.vdproj", "{A264A0A8-89DA-455C-AFD0-5ABF1C0B4C33}"
EndProject
Global
	GlobalSection(SolutionConfigurationPlatforms) = preSolution
		Debug|Any CPU = Debug|Any CPU
		Release|Any CPU = Release|Any CPU
	EndGlobalSection
	GlobalSection(ProjectConfigurationPlatforms) = postSolution
		{7B5CAD48-CBAC-4770-A8E3-9BC7A60D33A3}.Debug|Any CPU.ActiveCfg = Debug|Any CPU
		{7B5CAD48-CBAC-4770-A8E3-9BC7A60D33A3}.Debug|Any CPU.Build.0 = Debug|Any CPU
		{7B5CAD48-CBAC-4770-A8E3-9BC7A60D33A3}.Release|Any CPU.ActiveCfg = Release|Any CPU
		{7B5CAD48-CBAC-4770-A8E3-9BC7A60D33A3}.Release|Any CPU.Build.0 = Release|Any CPU
		{A264A0A8-89DA-455C-AFD0-5ABF1C0B4C33}.Debug|Any CPU.ActiveCfg = Release
		{A264A0A8-89DA-455C-AFD0-5ABF1C0B4C33}.Debug|Any CPU.Build.0 = Release
		{A264A0A8-89DA-455C-AFD0-5ABF1C0B4C33}.Release|Any CPU.ActiveCfg = Release
	EndGlobalSection
	GlobalSection(SolutionProperties) = preSolution
		HideSolutionNode = FALSE
	EndGlobalSection
	GlobalSection(ExtensibilityGlobals) = postSolution
		SolutionGuid = {803232DD-B0A5-4820-A80F-A55A7171248A}
	EndGlobalSection
EndGlobal
